# THIS IS AN AUTOGENERATED FILE. DO NOT EDIT THIS FILE DIRECTLY.
# yarn lockfile v1


"@playwright/test@^1.36.2":
  version "1.36.2"
  resolved "https://registry.npmjs.org/@playwright/test/-/test-1.36.2.tgz"
  integrity sha512-2rVZeyPRjxfPH6J0oGJqE8YxiM1IBRyM8hyrXYK7eSiAqmbNhxwcLa7dZ7fy9Kj26V7FYia5fh9XJRq4Dqme+g==
  dependencies:
    "@types/node" "*"
    playwright-core "1.36.2"
  optionalDependencies:
    fsevents "2.3.2"

"@types/node@*":
  version "20.4.6"
  resolved "https://registry.npmjs.org/@types/node/-/node-20.4.6.tgz"
  integrity sha512-q0RkvNgMweWWIvSMDiXhflGUKMdIxBo2M2tYM/0kEGDueQByFzK4KZAgu5YHGFNxziTlppNpTIBcqHQAxlfHdA==

fsevents@2.3.2:
  version "2.3.2"
  resolved "https://registry.npmjs.org/fsevents/-/fsevents-2.3.2.tgz"
  integrity sha512-xiqMQR4xAeHTuB9uWm+fFRcIOgKBMiOBP+eXiyT7jsgVCq1bkVygt00oASowB7EdtpOHaaPgKt812P9ab+DDKA==

playwright-core@1.36.2:
  version "1.36.2"
  resolved "https://registry.npmjs.org/playwright-core/-/playwright-core-1.36.2.tgz"
  integrity sha512-sQYZt31dwkqxOrP7xy2ggDfEzUxM1lodjhsQ3NMMv5uGTRDsLxU0e4xf4wwMkF2gplIxf17QMBCodSFgm6bFVQ==
